<?xml version="1.0" encoding="utf-8"?>
<Project ToolsVersion="4.0" xmlns="http://schemas.microsoft.com/developer/msbuild/2003">
  <ItemGroup>
    <Text Include="Map.txt" />
    <Text Include="Small.txt" />
    <Text Include="TileSet_01.txt" />
  </ItemGroup>
  <ItemGroup>
    <ClCompile Include="TileMap.cpp" />
    <ClCompile Include="WinMain.cpp" />
    <ClCompile Include="GameState.cpp" />
  </ItemGroup>
  <ItemGroup>
    <ClInclude Include="TileMap.h" />
    <ClInclude Include="GameState.h" />
  </ItemGroup>
</Project>