
Microsoft Visual Studio Solution File, Format Version 12.00
# Visual Studio Version 16
VisualStudioVersion = 16.0.29613.14
MinimumVisualStudioVersion = 10.0.40219.1
Project("{2150E333-8FDC-42A3-9474-1A3956D46DE8}") = "Framework", "Framework", "{15072573-F0D8-4DA8-860F-FAA44FCC4618}"
EndProject
Project("{8BC9CEB8-8B4A-11D0-8D11-00A0C91BC942}") = "Core", "Framework\Core\Core.vcxproj", "{41442BB1-34E6-4F50-ACC3-5CB6CA1EC439}"
EndProject
Project("{2150E333-8FDC-42A3-9474-1A3956D46DE8}") = "VGP242", "VGP242", "{ED313D17-7195-4A6C-80ED-2373214ABE70}"
EndProject
Project("{8BC9CEB8-8B4A-11D0-8D11-00A0C91BC942}") = "00_HelloWorld", "VGP242\00_HelloWorld\00_HelloWorld.vcxproj", "{18D21D48-ED6D-4D9B-9CA4-309E3BAE83BE}"
EndProject
Project("{8BC9CEB8-8B4A-11D0-8D11-00A0C91BC942}") = "Math", "Framework\Math\Math.vcxproj", "{0036E8BB-B827-42A2-9AF7-5ACA1720D504}"
EndProject
Project("{2150E333-8FDC-42A3-9474-1A3956D46DE8}") = "UnitTests", "UnitTests", "{71A95C89-325E-4DAF-BE8E-538BAD20F9DA}"
EndProject
Project("{8BC9CEB8-8B4A-11D0-8D11-00A0C91BC942}") = "MathTest", "UnitTests\MathTest\MathTest.vcxproj", "{8C5241A3-2591-4095-BD81-F88F78EBFED0}"
EndProject
Project("{2150E333-8FDC-42A3-9474-1A3956D46DE8}") = "Engine", "Engine", "{DD48B6C9-7E2C-461D-AC00-1E043B7EDB4B}"
EndProject
Project("{8BC9CEB8-8B4A-11D0-8D11-00A0C91BC942}") = "WallG", "Engine\WallG\WallG.vcxproj", "{18FD0E8E-293E-44DE-B81D-98289F3B9E00}"
EndProject
Project("{8BC9CEB8-8B4A-11D0-8D11-00A0C91BC942}") = "01_HelloWindow", "VGP242\01_HelloWindow\01_HelloWindow.vcxproj", "{46FE8372-1250-434D-BC14-C8157B47E762}"
EndProject
Project("{8BC9CEB8-8B4A-11D0-8D11-00A0C91BC942}") = "02_HelloDirectX", "VGP242\02_HelloDirectX\02_HelloDirectX.vcxproj", "{BFF83DBC-9D42-491C-B822-0C4E56F87216}"
EndProject
Project("{8BC9CEB8-8B4A-11D0-8D11-00A0C91BC942}") = "Graphics", "Framework\Graphics\Graphics.vcxproj", "{D4A07529-59EE-4C11-A6B0-B810A0F7CDE5}"
EndProject
Project("{2150E333-8FDC-42A3-9474-1A3956D46DE8}") = "External", "External", "{3D4028C3-0DB4-4462-9B9D-D27B5F03C22B}"
EndProject
Project("{8BC9CEB8-8B4A-11D0-8D11-00A0C91BC942}") = "Input", "Framework\Input\Input.vcxproj", "{452B7D13-E6E6-4FEC-835F-A7BF1BE1823B}"
EndProject
Project("{8BC9CEB8-8B4A-11D0-8D11-00A0C91BC942}") = "DirectXTK_Desktop_2019", "External\DirectXTK\DirectXTK_Desktop_2019.vcxproj", "{E0B52AE7-E160-4D32-BF3F-910B785E5A8E}"
EndProject
Project("{8BC9CEB8-8B4A-11D0-8D11-00A0C91BC942}") = "03_HelloTriangle", "VGP242\03_HelloTriangle\03_HelloTriangle.vcxproj", "{C89A7857-4697-487A-9F7D-0B1F98FCF87E}"
EndProject
Project("{8BC9CEB8-8B4A-11D0-8D11-00A0C91BC942}") = "04_HelloShapes", "VGP242\04_HelloShapes\04_HelloShapes.vcxproj", "{54B84F1E-DC50-4B17-8567-A944E75FB831}"
EndProject
Project("{2150E333-8FDC-42A3-9474-1A3956D46DE8}") = "Assets", "Assets", "{711663E9-F6E4-43D7-B637-49674B9108ED}"
EndProject
Project("{2150E333-8FDC-42A3-9474-1A3956D46DE8}") = "Shaders", "Shaders", "{83A792A8-8FAE-438E-AADB-0ECC1E632AE1}"
	ProjectSection(SolutionItems) = preProject
		Assets\Shaders\Bloom.fx = Assets\Shaders\Bloom.fx
		Assets\Shaders\DepthMap.fx = Assets\Shaders\DepthMap.fx
		Assets\Shaders\DoGrouaudShading.fx = Assets\Shaders\DoGrouaudShading.fx
		Assets\Shaders\DoNothing.fx = Assets\Shaders\DoNothing.fx
		Assets\Shaders\DoPhongShading.fx = Assets\Shaders\DoPhongShading.fx
		Assets\Shaders\DoSomething.fx = Assets\Shaders\DoSomething.fx
		Assets\Shaders\DoTexturing.fx = Assets\Shaders\DoTexturing.fx
		Assets\Shaders\DoTransform.fx = Assets\Shaders\DoTransform.fx
		Assets\Shaders\Earth.fx = Assets\Shaders\Earth.fx
		Assets\Shaders\GaussianBlur.fx = Assets\Shaders\GaussianBlur.fx
		Assets\Shaders\PostProcess.fx = Assets\Shaders\PostProcess.fx
		Assets\Shaders\PostProcessNightVision.fx = Assets\Shaders\PostProcessNightVision.fx
		Assets\Shaders\PostProcessThermal.fx = Assets\Shaders\PostProcessThermal.fx
		Assets\Shaders\Reflection.fx = Assets\Shaders\Reflection.fx
		Assets\Shaders\SimpleDraw.fx = Assets\Shaders\SimpleDraw.fx
		Assets\Shaders\Standard.fx = Assets\Shaders\Standard.fx
		Assets\Shaders\Water.fx = Assets\Shaders\Water.fx
	EndProjectSection
EndProject
Project("{8BC9CEB8-8B4A-11D0-8D11-00A0C91BC942}") = "05_HelloCube", "VGP242\05_HelloCube\05_HelloCube.vcxproj", "{7C62F995-3475-4186-8D90-258FA5F7AFF5}"
EndProject
Project("{8BC9CEB8-8B4A-11D0-8D11-00A0C91BC942}") = "06_HelloTexture", "VGP242\06_HelloTexture\06_HelloTexture.vcxproj", "{3343E2D5-EE93-4F0C-9E57-038B50CD8AFC}"
EndProject
Project("{8BC9CEB8-8B4A-11D0-8D11-00A0C91BC942}") = "ImGui", "External\ImGui\ImGui.vcxproj", "{80705ED5-81EA-40D3-BA9E-1D3A289DA2A7}"
EndProject
Project("{8BC9CEB8-8B4A-11D0-8D11-00A0C91BC942}") = "Final", "VGP242\Final\Final.vcxproj", "{AA8B0776-2874-45E3-A867-14ED98A47172}"
EndProject
Project("{2150E333-8FDC-42A3-9474-1A3956D46DE8}") = "VGP330", "VGP330", "{59D90F99-5E39-4307-AD3C-C833DB1FCF31}"
EndProject
Project("{8BC9CEB8-8B4A-11D0-8D11-00A0C91BC942}") = "09_HelloLighting", "VGP330\09_HelloLighting\09_HelloLighting.vcxproj", "{0AFA2754-6B3F-4967-AB5B-F0EDD76B009F}"
EndProject
Project("{8BC9CEB8-8B4A-11D0-8D11-00A0C91BC942}") = "10_HelloEarth", "VGP330\10_HelloEarth\10_HelloEarth.vcxproj", "{2BA5C160-32EE-4050-8B9B-59240E7E96EC}"
EndProject
Project("{8BC9CEB8-8B4A-11D0-8D11-00A0C91BC942}") = "AI", "Framework\AI\AI.vcxproj", "{806ACA5C-D643-47E8-8683-E64DCC3C4371}"
EndProject
Project("{2150E333-8FDC-42A3-9474-1A3956D46DE8}") = "VGP337", "VGP337", "{362CC5AC-F250-4C26-8D72-D8DF698E7B32}"
EndProject
Project("{8BC9CEB8-8B4A-11D0-8D11-00A0C91BC942}") = "ML_LinearRegression", "VGP337\ML_LinearRegression\ML_LinearRegression.vcxproj", "{C1C8F5D7-FC8D-41EB-B226-291945868AFF}"
EndProject
Project("{8BC9CEB8-8B4A-11D0-8D11-00A0C91BC942}") = "ML", "Framework\ML\ML.vcxproj", "{97206C33-5F41-43C8-A9ED-343C63F63017}"
EndProject
Project("{8BC9CEB8-8B4A-11D0-8D11-00A0C91BC942}") = "11_HelloPostProcessing", "VGP330\11_HelloPostProcessing\11_HelloPostProcessing.vcxproj", "{3D7CEFE6-9596-4989-8C03-EEF16CFC2BC1}"
EndProject
Project("{8BC9CEB8-8B4A-11D0-8D11-00A0C91BC942}") = "ML_LogisiticRegression", "VGP337\ML_LogisiticRegression\ML_LogisiticRegression.vcxproj", "{7DE7F79C-A702-4391-B5E3-4310E3B84983}"
EndProject
Project("{8BC9CEB8-8B4A-11D0-8D11-00A0C91BC942}") = "ML_KMeans", "VGP337\ML_KMeans\ML_KMeans.vcxproj", "{0007BDC4-CE7A-4968-9AD8-3DD14B86AC4D}"
EndProject
Project("{8BC9CEB8-8B4A-11D0-8D11-00A0C91BC942}") = "12_HelloBloom", "VGP330\12_HelloBloom\12_HelloBloom.vcxproj", "{81F81ADA-F433-471A-83BF-BE5863AC516E}"
EndProject
Project("{8BC9CEB8-8B4A-11D0-8D11-00A0C91BC942}") = "13_HelloShadow", "VGP330\13_HelloShadow\13_HelloShadow.vcxproj", "{5FAE648A-350E-46C0-9041-700A697A3531}"
EndProject
Project("{8BC9CEB8-8B4A-11D0-8D11-00A0C91BC942}") = "ML_NauralNetwork", "VGP337\ML_NauralNetwork\ML_NauralNetwork.vcxproj", "{E89525CF-B41E-46A6-ACEE-F48E920303B7}"
EndProject
Project("{2150E333-8FDC-42A3-9474-1A3956D46DE8}") = "MyProject", "MyProject", "{E5B7B80F-50D5-42FA-A7B6-FDD00B5B78A4}"
EndProject
Project("{8BC9CEB8-8B4A-11D0-8D11-00A0C91BC942}") = "DynamicUniverse", "MyProject\DynamicUniverse\DynamicUniverse.vcxproj", "{177A95EB-474C-4171-A602-6FFB9740EAD8}"
EndProject
Project("{8BC9CEB8-8B4A-11D0-8D11-00A0C91BC942}") = "ML_GA", "VGP337\ML_GA\ML_GA.vcxproj", "{69DAA886-65E5-4F36-B5D1-A2AFE2217015}"
EndProject
Project("{8BC9CEB8-8B4A-11D0-8D11-00A0C91BC942}") = "FInal", "VGP330\FInal\FInal.vcxproj", "{C5AF62DE-14BB-4F6A-8956-44E3579593D9}"
EndProject
Project("{8BC9CEB8-8B4A-11D0-8D11-00A0C91BC942}") = "07_HellowModel", "VGP242\07_HellowModel\07_HellowModel.vcxproj", "{A1846CE9-02E9-484E-99F0-EAC6A859AC6F}"
EndProject
Project("{8BC9CEB8-8B4A-11D0-8D11-00A0C91BC942}") = "ML_TSP", "VGP337\ML_TSP\ML_TSP.vcxproj", "{56B8D0E8-7A4D-47AF-8B69-52A463912B10}"
EndProject
Project("{8BC9CEB8-8B4A-11D0-8D11-00A0C91BC942}") = "QuaternionTest", "UnitTests\QuaternionTest\QuaternionTest.vcxproj", "{8133775B-12C4-4050-AB5D-FDE122EC16E1}"
EndProject
Project("{2150E333-8FDC-42A3-9474-1A3956D46DE8}") = "VGP334", "VGP334", "{FC4672D9-E21E-491E-ACD6-1849146C966A}"
EndProject
Project("{8BC9CEB8-8B4A-11D0-8D11-00A0C91BC942}") = "14_HelloQuaternion", "VGP334\14_HelloQuaternion\14_HelloQuaternion.vcxproj", "{4CDA9C51-D4EF-4F53-A3E5-57E52EF9C832}"
EndProject
Project("{8BC9CEB8-8B4A-11D0-8D11-00A0C91BC942}") = "15_HelloAnimation", "VGP334\15_HelloAnimation\15_HelloAnimation.vcxproj", "{640B38AA-A238-4B38-90CA-B44DB3FA2AA4}"
EndProject
Project("{2150E333-8FDC-42A3-9474-1A3956D46DE8}") = "Tools", "Tools", "{92045F64-83F3-4483-801F-616E6A580181}"
EndProject
Project("{8BC9CEB8-8B4A-11D0-8D11-00A0C91BC942}") = "ModelImporter", "Tools\ModelImporter\ModelImporter.vcxproj", "{22FC14E6-9A17-49F1-8044-91D9617BA67B}"
EndProject
Project("{8BC9CEB8-8B4A-11D0-8D11-00A0C91BC942}") = "16_HelloModel", "VGP334\16_HelloModel\16_HelloModel.vcxproj", "{32267C94-7082-408D-A448-64005BD48563}"
EndProject
Project("{8BC9CEB8-8B4A-11D0-8D11-00A0C91BC942}") = "CoreTest", "CoreTest\CoreTest.vcxproj", "{B1902169-C3A6-4246-8B4F-5635FED154BA}"
EndProject
Project("{2150E333-8FDC-42A3-9474-1A3956D46DE8}") = "VGP336", "VGP336", "{F41E7FB9-D649-4B10-97F9-8BDC8BB8B90B}"
EndProject
Project("{8BC9CEB8-8B4A-11D0-8D11-00A0C91BC942}") = "TestGame", "VGP336\TestGame\TestGame.vcxproj", "{A76C9261-EF6D-4206-83D7-9B9F4037FC5D}"
EndProject
Project("{2150E333-8FDC-42A3-9474-1A3956D46DE8}") = "Templates", "Templates", "{9E18F4FE-3964-42E5-8595-BEBE20FA9987}"
	ProjectSection(SolutionItems) = preProject
		Assets\Characters\Jannedaarc.json = Assets\Characters\Jannedaarc.json
		Assets\Characters\Keli.json = Assets\Characters\Keli.json
		Assets\Templates\Test.json = Assets\Templates\Test.json
		Assets\Characters\YYZ.json = Assets\Characters\YYZ.json
	EndProjectSection
EndProject
Project("{2150E333-8FDC-42A3-9474-1A3956D46DE8}") = "DynamicUniverse", "DynamicUniverse", "{1CF45B0B-BE6F-4BE6-ADA1-7DD7F5F1A4FC}"
	ProjectSection(SolutionItems) = preProject
		Assets\DynamicUniverse\Earth1.json = Assets\DynamicUniverse\Earth1.json
		Assets\DynamicUniverse\Earth2.json = Assets\DynamicUniverse\Earth2.json
		Assets\DynamicUniverse\Hot.json = Assets\DynamicUniverse\Hot.json
		Assets\DynamicUniverse\Ice.json = Assets\DynamicUniverse\Ice.json
		Assets\DynamicUniverse\LagerShip.json = Assets\DynamicUniverse\LagerShip.json
		Assets\DynamicUniverse\Lava.json = Assets\DynamicUniverse\Lava.json
		Assets\DynamicUniverse\Metal.json = Assets\DynamicUniverse\Metal.json
		Assets\DynamicUniverse\Moon1.json = Assets\DynamicUniverse\Moon1.json
		Assets\DynamicUniverse\Moon2.json = Assets\DynamicUniverse\Moon2.json
		Assets\DynamicUniverse\Moon3.json = Assets\DynamicUniverse\Moon3.json
		Assets\DynamicUniverse\SmallShip.json = Assets\DynamicUniverse\SmallShip.json
		Assets\DynamicUniverse\Sun.json = Assets\DynamicUniverse\Sun.json
	EndProjectSection
EndProject
Project("{8BC9CEB8-8B4A-11D0-8D11-00A0C91BC942}") = "Physics", "Framework\Physics\Physics.vcxproj", "{6A46FE58-9317-4CEC-8C78-61EBCEA1E1B3}"
EndProject
Project("{2150E333-8FDC-42A3-9474-1A3956D46DE8}") = "Character", "Character", "{6BB45571-59A7-4237-8D9D-8D2E6FACF23B}"
	ProjectSection(SolutionItems) = preProject
		Assets\Characters\Jannedaarc.json = Assets\Characters\Jannedaarc.json
		Assets\Characters\Keli.json = Assets\Characters\Keli.json
		Assets\Characters\YYZ.json = Assets\Characters\YYZ.json
	EndProjectSection
EndProject
Project("{2150E333-8FDC-42A3-9474-1A3956D46DE8}") = "Json", "Json", "{BBE63442-91A2-423D-AB7E-768F07CB29C6}"
EndProject
Project("{2150E333-8FDC-42A3-9474-1A3956D46DE8}") = "Environment", "Environment", "{8CCB7A83-EEB7-4D04-ACDB-719341A66684}"
	ProjectSection(SolutionItems) = preProject
		Assets\Environment\Stage.json = Assets\Environment\Stage.json
	EndProjectSection
EndProject
Global
	GlobalSection(SolutionConfigurationPlatforms) = preSolution
		Debug|x64 = Debug|x64
		Debug|x86 = Debug|x86
		Release|x64 = Release|x64
		Release|x86 = Release|x86
	EndGlobalSection
	GlobalSection(ProjectConfigurationPlatforms) = postSolution
		{41442BB1-34E6-4F50-ACC3-5CB6CA1EC439}.Debug|x64.ActiveCfg = Debug|x64
		{41442BB1-34E6-4F50-ACC3-5CB6CA1EC439}.Debug|x64.Build.0 = Debug|x64
		{41442BB1-34E6-4F50-ACC3-5CB6CA1EC439}.Debug|x86.ActiveCfg = Debug|Win32
		{41442BB1-34E6-4F50-ACC3-5CB6CA1EC439}.Debug|x86.Build.0 = Debug|Win32
		{41442BB1-34E6-4F50-ACC3-5CB6CA1EC439}.Release|x64.ActiveCfg = Release|x64
		{41442BB1-34E6-4F50-ACC3-5CB6CA1EC439}.Release|x64.Build.0 = Release|x64
		{41442BB1-34E6-4F50-ACC3-5CB6CA1EC439}.Release|x86.ActiveCfg = Release|Win32
		{41442BB1-34E6-4F50-ACC3-5CB6CA1EC439}.Release|x86.Build.0 = Release|Win32
		{18D21D48-ED6D-4D9B-9CA4-309E3BAE83BE}.Debug|x64.ActiveCfg = Debug|x64
		{18D21D48-ED6D-4D9B-9CA4-309E3BAE83BE}.Debug|x64.Build.0 = Debug|x64
		{18D21D48-ED6D-4D9B-9CA4-309E3BAE83BE}.Debug|x86.ActiveCfg = Debug|Win32
		{18D21D48-ED6D-4D9B-9CA4-309E3BAE83BE}.Debug|x86.Build.0 = Debug|Win32
		{18D21D48-ED6D-4D9B-9CA4-309E3BAE83BE}.Release|x64.ActiveCfg = Release|x64
		{18D21D48-ED6D-4D9B-9CA4-309E3BAE83BE}.Release|x64.Build.0 = Release|x64
		{18D21D48-ED6D-4D9B-9CA4-309E3BAE83BE}.Release|x86.ActiveCfg = Release|Win32
		{18D21D48-ED6D-4D9B-9CA4-309E3BAE83BE}.Release|x86.Build.0 = Release|Win32
		{0036E8BB-B827-42A2-9AF7-5ACA1720D504}.Debug|x64.ActiveCfg = Debug|x64
		{0036E8BB-B827-42A2-9AF7-5ACA1720D504}.Debug|x64.Build.0 = Debug|x64
		{0036E8BB-B827-42A2-9AF7-5ACA1720D504}.Debug|x86.ActiveCfg = Debug|Win32
		{0036E8BB-B827-42A2-9AF7-5ACA1720D504}.Debug|x86.Build.0 = Debug|Win32
		{0036E8BB-B827-42A2-9AF7-5ACA1720D504}.Release|x64.ActiveCfg = Release|x64
		{0036E8BB-B827-42A2-9AF7-5ACA1720D504}.Release|x64.Build.0 = Release|x64
		{0036E8BB-B827-42A2-9AF7-5ACA1720D504}.Release|x86.ActiveCfg = Release|Win32
		{0036E8BB-B827-42A2-9AF7-5ACA1720D504}.Release|x86.Build.0 = Release|Win32
		{8C5241A3-2591-4095-BD81-F88F78EBFED0}.Debug|x64.ActiveCfg = Debug|x64
		{8C5241A3-2591-4095-BD81-F88F78EBFED0}.Debug|x64.Build.0 = Debug|x64
		{8C5241A3-2591-4095-BD81-F88F78EBFED0}.Debug|x86.ActiveCfg = Debug|Win32
		{8C5241A3-2591-4095-BD81-F88F78EBFED0}.Debug|x86.Build.0 = Debug|Win32
		{8C5241A3-2591-4095-BD81-F88F78EBFED0}.Release|x64.ActiveCfg = Release|x64
		{8C5241A3-2591-4095-BD81-F88F78EBFED0}.Release|x64.Build.0 = Release|x64
		{8C5241A3-2591-4095-BD81-F88F78EBFED0}.Release|x86.ActiveCfg = Release|Win32
		{8C5241A3-2591-4095-BD81-F88F78EBFED0}.Release|x86.Build.0 = Release|Win32
		{18FD0E8E-293E-44DE-B81D-98289F3B9E00}.Debug|x64.ActiveCfg = Debug|x64
		{18FD0E8E-293E-44DE-B81D-98289F3B9E00}.Debug|x64.Build.0 = Debug|x64
		{18FD0E8E-293E-44DE-B81D-98289F3B9E00}.Debug|x86.ActiveCfg = Debug|Win32
		{18FD0E8E-293E-44DE-B81D-98289F3B9E00}.Debug|x86.Build.0 = Debug|Win32
		{18FD0E8E-293E-44DE-B81D-98289F3B9E00}.Release|x64.ActiveCfg = Release|x64
		{18FD0E8E-293E-44DE-B81D-98289F3B9E00}.Release|x64.Build.0 = Release|x64
		{18FD0E8E-293E-44DE-B81D-98289F3B9E00}.Release|x86.ActiveCfg = Release|Win32
		{18FD0E8E-293E-44DE-B81D-98289F3B9E00}.Release|x86.Build.0 = Release|Win32
		{46FE8372-1250-434D-BC14-C8157B47E762}.Debug|x64.ActiveCfg = Debug|x64
		{46FE8372-1250-434D-BC14-C8157B47E762}.Debug|x64.Build.0 = Debug|x64
		{46FE8372-1250-434D-BC14-C8157B47E762}.Debug|x86.ActiveCfg = Debug|Win32
		{46FE8372-1250-434D-BC14-C8157B47E762}.Debug|x86.Build.0 = Debug|Win32
		{46FE8372-1250-434D-BC14-C8157B47E762}.Release|x64.ActiveCfg = Release|x64
		{46FE8372-1250-434D-BC14-C8157B47E762}.Release|x64.Build.0 = Release|x64
		{46FE8372-1250-434D-BC14-C8157B47E762}.Release|x86.ActiveCfg = Release|Win32
		{46FE8372-1250-434D-BC14-C8157B47E762}.Release|x86.Build.0 = Release|Win32
		{BFF83DBC-9D42-491C-B822-0C4E56F87216}.Debug|x64.ActiveCfg = Debug|x64
		{BFF83DBC-9D42-491C-B822-0C4E56F87216}.Debug|x64.Build.0 = Debug|x64
		{BFF83DBC-9D42-491C-B822-0C4E56F87216}.Debug|x86.ActiveCfg = Debug|Win32
		{BFF83DBC-9D42-491C-B822-0C4E56F87216}.Debug|x86.Build.0 = Debug|Win32
		{BFF83DBC-9D42-491C-B822-0C4E56F87216}.Release|x64.ActiveCfg = Release|x64
		{BFF83DBC-9D42-491C-B822-0C4E56F87216}.Release|x64.Build.0 = Release|x64
		{BFF83DBC-9D42-491C-B822-0C4E56F87216}.Release|x86.ActiveCfg = Release|Win32
		{BFF83DBC-9D42-491C-B822-0C4E56F87216}.Release|x86.Build.0 = Release|Win32
		{D4A07529-59EE-4C11-A6B0-B810A0F7CDE5}.Debug|x64.ActiveCfg = Debug|x64
		{D4A07529-59EE-4C11-A6B0-B810A0F7CDE5}.Debug|x64.Build.0 = Debug|x64
		{D4A07529-59EE-4C11-A6B0-B810A0F7CDE5}.Debug|x86.ActiveCfg = Debug|Win32
		{D4A07529-59EE-4C11-A6B0-B810A0F7CDE5}.Debug|x86.Build.0 = Debug|Win32
		{D4A07529-59EE-4C11-A6B0-B810A0F7CDE5}.Release|x64.ActiveCfg = Release|x64
		{D4A07529-59EE-4C11-A6B0-B810A0F7CDE5}.Release|x64.Build.0 = Release|x64
		{D4A07529-59EE-4C11-A6B0-B810A0F7CDE5}.Release|x86.ActiveCfg = Release|Win32
		{D4A07529-59EE-4C11-A6B0-B810A0F7CDE5}.Release|x86.Build.0 = Release|Win32
		{452B7D13-E6E6-4FEC-835F-A7BF1BE1823B}.Debug|x64.ActiveCfg = Debug|x64
		{452B7D13-E6E6-4FEC-835F-A7BF1BE1823B}.Debug|x64.Build.0 = Debug|x64
		{452B7D13-E6E6-4FEC-835F-A7BF1BE1823B}.Debug|x86.ActiveCfg = Debug|Win32
		{452B7D13-E6E6-4FEC-835F-A7BF1BE1823B}.Debug|x86.Build.0 = Debug|Win32
		{452B7D13-E6E6-4FEC-835F-A7BF1BE1823B}.Release|x64.ActiveCfg = Release|x64
		{452B7D13-E6E6-4FEC-835F-A7BF1BE1823B}.Release|x64.Build.0 = Release|x64
		{452B7D13-E6E6-4FEC-835F-A7BF1BE1823B}.Release|x86.ActiveCfg = Release|Win32
		{452B7D13-E6E6-4FEC-835F-A7BF1BE1823B}.Release|x86.Build.0 = Release|Win32
		{E0B52AE7-E160-4D32-BF3F-910B785E5A8E}.Debug|x64.ActiveCfg = Debug|x64
		{E0B52AE7-E160-4D32-BF3F-910B785E5A8E}.Debug|x64.Build.0 = Debug|x64
		{E0B52AE7-E160-4D32-BF3F-910B785E5A8E}.Debug|x86.ActiveCfg = Debug|Win32
		{E0B52AE7-E160-4D32-BF3F-910B785E5A8E}.Debug|x86.Build.0 = Debug|Win32
		{E0B52AE7-E160-4D32-BF3F-910B785E5A8E}.Release|x64.ActiveCfg = Release|x64
		{E0B52AE7-E160-4D32-BF3F-910B785E5A8E}.Release|x64.Build.0 = Release|x64
		{E0B52AE7-E160-4D32-BF3F-910B785E5A8E}.Release|x86.ActiveCfg = Release|Win32
		{E0B52AE7-E160-4D32-BF3F-910B785E5A8E}.Release|x86.Build.0 = Release|Win32
		{C89A7857-4697-487A-9F7D-0B1F98FCF87E}.Debug|x64.ActiveCfg = Debug|x64
		{C89A7857-4697-487A-9F7D-0B1F98FCF87E}.Debug|x64.Build.0 = Debug|x64
		{C89A7857-4697-487A-9F7D-0B1F98FCF87E}.Debug|x86.ActiveCfg = Debug|Win32
		{C89A7857-4697-487A-9F7D-0B1F98FCF87E}.Debug|x86.Build.0 = Debug|Win32
		{C89A7857-4697-487A-9F7D-0B1F98FCF87E}.Release|x64.ActiveCfg = Release|x64
		{C89A7857-4697-487A-9F7D-0B1F98FCF87E}.Release|x64.Build.0 = Release|x64
		{C89A7857-4697-487A-9F7D-0B1F98FCF87E}.Release|x86.ActiveCfg = Release|Win32
		{C89A7857-4697-487A-9F7D-0B1F98FCF87E}.Release|x86.Build.0 = Release|Win32
		{54B84F1E-DC50-4B17-8567-A944E75FB831}.Debug|x64.ActiveCfg = Debug|x64
		{54B84F1E-DC50-4B17-8567-A944E75FB831}.Debug|x64.Build.0 = Debug|x64
		{54B84F1E-DC50-4B17-8567-A944E75FB831}.Debug|x86.ActiveCfg = Debug|Win32
		{54B84F1E-DC50-4B17-8567-A944E75FB831}.Debug|x86.Build.0 = Debug|Win32
		{54B84F1E-DC50-4B17-8567-A944E75FB831}.Release|x64.ActiveCfg = Release|x64
		{54B84F1E-DC50-4B17-8567-A944E75FB831}.Release|x64.Build.0 = Release|x64
		{54B84F1E-DC50-4B17-8567-A944E75FB831}.Release|x86.ActiveCfg = Release|Win32
		{54B84F1E-DC50-4B17-8567-A944E75FB831}.Release|x86.Build.0 = Release|Win32
		{7C62F995-3475-4186-8D90-258FA5F7AFF5}.Debug|x64.ActiveCfg = Debug|x64
		{7C62F995-3475-4186-8D90-258FA5F7AFF5}.Debug|x64.Build.0 = Debug|x64
		{7C62F995-3475-4186-8D90-258FA5F7AFF5}.Debug|x86.ActiveCfg = Debug|Win32
		{7C62F995-3475-4186-8D90-258FA5F7AFF5}.Debug|x86.Build.0 = Debug|Win32
		{7C62F995-3475-4186-8D90-258FA5F7AFF5}.Release|x64.ActiveCfg = Release|x64
		{7C62F995-3475-4186-8D90-258FA5F7AFF5}.Release|x64.Build.0 = Release|x64
		{7C62F995-3475-4186-8D90-258FA5F7AFF5}.Release|x86.ActiveCfg = Release|Win32
		{7C62F995-3475-4186-8D90-258FA5F7AFF5}.Release|x86.Build.0 = Release|Win32
		{3343E2D5-EE93-4F0C-9E57-038B50CD8AFC}.Debug|x64.ActiveCfg = Debug|x64
		{3343E2D5-EE93-4F0C-9E57-038B50CD8AFC}.Debug|x64.Build.0 = Debug|x64
		{3343E2D5-EE93-4F0C-9E57-038B50CD8AFC}.Debug|x86.ActiveCfg = Debug|Win32
		{3343E2D5-EE93-4F0C-9E57-038B50CD8AFC}.Debug|x86.Build.0 = Debug|Win32
		{3343E2D5-EE93-4F0C-9E57-038B50CD8AFC}.Release|x64.ActiveCfg = Release|x64
		{3343E2D5-EE93-4F0C-9E57-038B50CD8AFC}.Release|x64.Build.0 = Release|x64
		{3343E2D5-EE93-4F0C-9E57-038B50CD8AFC}.Release|x86.ActiveCfg = Release|Win32
		{3343E2D5-EE93-4F0C-9E57-038B50CD8AFC}.Release|x86.Build.0 = Release|Win32
		{80705ED5-81EA-40D3-BA9E-1D3A289DA2A7}.Debug|x64.ActiveCfg = Debug|x64
		{80705ED5-81EA-40D3-BA9E-1D3A289DA2A7}.Debug|x64.Build.0 = Debug|x64
		{80705ED5-81EA-40D3-BA9E-1D3A289DA2A7}.Debug|x86.ActiveCfg = Debug|Win32
		{80705ED5-81EA-40D3-BA9E-1D3A289DA2A7}.Debug|x86.Build.0 = Debug|Win32
		{80705ED5-81EA-40D3-BA9E-1D3A289DA2A7}.Release|x64.ActiveCfg = Release|x64
		{80705ED5-81EA-40D3-BA9E-1D3A289DA2A7}.Release|x64.Build.0 = Release|x64
		{80705ED5-81EA-40D3-BA9E-1D3A289DA2A7}.Release|x86.ActiveCfg = Release|Win32
		{80705ED5-81EA-40D3-BA9E-1D3A289DA2A7}.Release|x86.Build.0 = Release|Win32
		{AA8B0776-2874-45E3-A867-14ED98A47172}.Debug|x64.ActiveCfg = Debug|x64
		{AA8B0776-2874-45E3-A867-14ED98A47172}.Debug|x64.Build.0 = Debug|x64
		{AA8B0776-2874-45E3-A867-14ED98A47172}.Debug|x86.ActiveCfg = Debug|Win32
		{AA8B0776-2874-45E3-A867-14ED98A47172}.Debug|x86.Build.0 = Debug|Win32
		{AA8B0776-2874-45E3-A867-14ED98A47172}.Release|x64.ActiveCfg = Release|x64
		{AA8B0776-2874-45E3-A867-14ED98A47172}.Release|x64.Build.0 = Release|x64
		{AA8B0776-2874-45E3-A867-14ED98A47172}.Release|x86.ActiveCfg = Release|Win32
		{AA8B0776-2874-45E3-A867-14ED98A47172}.Release|x86.Build.0 = Release|Win32
		{0AFA2754-6B3F-4967-AB5B-F0EDD76B009F}.Debug|x64.ActiveCfg = Debug|x64
		{0AFA2754-6B3F-4967-AB5B-F0EDD76B009F}.Debug|x64.Build.0 = Debug|x64
		{0AFA2754-6B3F-4967-AB5B-F0EDD76B009F}.Debug|x86.ActiveCfg = Debug|Win32
		{0AFA2754-6B3F-4967-AB5B-F0EDD76B009F}.Debug|x86.Build.0 = Debug|Win32
		{0AFA2754-6B3F-4967-AB5B-F0EDD76B009F}.Release|x64.ActiveCfg = Release|x64
		{0AFA2754-6B3F-4967-AB5B-F0EDD76B009F}.Release|x64.Build.0 = Release|x64
		{0AFA2754-6B3F-4967-AB5B-F0EDD76B009F}.Release|x86.ActiveCfg = Release|Win32
		{0AFA2754-6B3F-4967-AB5B-F0EDD76B009F}.Release|x86.Build.0 = Release|Win32
		{2BA5C160-32EE-4050-8B9B-59240E7E96EC}.Debug|x64.ActiveCfg = Debug|x64
		{2BA5C160-32EE-4050-8B9B-59240E7E96EC}.Debug|x64.Build.0 = Debug|x64
		{2BA5C160-32EE-4050-8B9B-59240E7E96EC}.Debug|x86.ActiveCfg = Debug|Win32
		{2BA5C160-32EE-4050-8B9B-59240E7E96EC}.Debug|x86.Build.0 = Debug|Win32
		{2BA5C160-32EE-4050-8B9B-59240E7E96EC}.Release|x64.ActiveCfg = Release|x64
		{2BA5C160-32EE-4050-8B9B-59240E7E96EC}.Release|x64.Build.0 = Release|x64
		{2BA5C160-32EE-4050-8B9B-59240E7E96EC}.Release|x86.ActiveCfg = Release|Win32
		{2BA5C160-32EE-4050-8B9B-59240E7E96EC}.Release|x86.Build.0 = Release|Win32
		{806ACA5C-D643-47E8-8683-E64DCC3C4371}.Debug|x64.ActiveCfg = Debug|x64
		{806ACA5C-D643-47E8-8683-E64DCC3C4371}.Debug|x64.Build.0 = Debug|x64
		{806ACA5C-D643-47E8-8683-E64DCC3C4371}.Debug|x86.ActiveCfg = Debug|Win32
		{806ACA5C-D643-47E8-8683-E64DCC3C4371}.Debug|x86.Build.0 = Debug|Win32
		{806ACA5C-D643-47E8-8683-E64DCC3C4371}.Release|x64.ActiveCfg = Release|x64
		{806ACA5C-D643-47E8-8683-E64DCC3C4371}.Release|x64.Build.0 = Release|x64
		{806ACA5C-D643-47E8-8683-E64DCC3C4371}.Release|x86.ActiveCfg = Release|Win32
		{806ACA5C-D643-47E8-8683-E64DCC3C4371}.Release|x86.Build.0 = Release|Win32
		{C1C8F5D7-FC8D-41EB-B226-291945868AFF}.Debug|x64.ActiveCfg = Debug|x64
		{C1C8F5D7-FC8D-41EB-B226-291945868AFF}.Debug|x64.Build.0 = Debug|x64
		{C1C8F5D7-FC8D-41EB-B226-291945868AFF}.Debug|x86.ActiveCfg = Debug|Win32
		{C1C8F5D7-FC8D-41EB-B226-291945868AFF}.Debug|x86.Build.0 = Debug|Win32
		{C1C8F5D7-FC8D-41EB-B226-291945868AFF}.Release|x64.ActiveCfg = Release|x64
		{C1C8F5D7-FC8D-41EB-B226-291945868AFF}.Release|x64.Build.0 = Release|x64
		{C1C8F5D7-FC8D-41EB-B226-291945868AFF}.Release|x86.ActiveCfg = Release|Win32
		{C1C8F5D7-FC8D-41EB-B226-291945868AFF}.Release|x86.Build.0 = Release|Win32
		{97206C33-5F41-43C8-A9ED-343C63F63017}.Debug|x64.ActiveCfg = Debug|x64
		{97206C33-5F41-43C8-A9ED-343C63F63017}.Debug|x64.Build.0 = Debug|x64
		{97206C33-5F41-43C8-A9ED-343C63F63017}.Debug|x86.ActiveCfg = Debug|Win32
		{97206C33-5F41-43C8-A9ED-343C63F63017}.Debug|x86.Build.0 = Debug|Win32
		{97206C33-5F41-43C8-A9ED-343C63F63017}.Release|x64.ActiveCfg = Release|x64
		{97206C33-5F41-43C8-A9ED-343C63F63017}.Release|x64.Build.0 = Release|x64
		{97206C33-5F41-43C8-A9ED-343C63F63017}.Release|x86.ActiveCfg = Release|Win32
		{97206C33-5F41-43C8-A9ED-343C63F63017}.Release|x86.Build.0 = Release|Win32
		{3D7CEFE6-9596-4989-8C03-EEF16CFC2BC1}.Debug|x64.ActiveCfg = Debug|x64
		{3D7CEFE6-9596-4989-8C03-EEF16CFC2BC1}.Debug|x64.Build.0 = Debug|x64
		{3D7CEFE6-9596-4989-8C03-EEF16CFC2BC1}.Debug|x86.ActiveCfg = Debug|Win32
		{3D7CEFE6-9596-4989-8C03-EEF16CFC2BC1}.Debug|x86.Build.0 = Debug|Win32
		{3D7CEFE6-9596-4989-8C03-EEF16CFC2BC1}.Release|x64.ActiveCfg = Release|x64
		{3D7CEFE6-9596-4989-8C03-EEF16CFC2BC1}.Release|x64.Build.0 = Release|x64
		{3D7CEFE6-9596-4989-8C03-EEF16CFC2BC1}.Release|x86.ActiveCfg = Release|Win32
		{3D7CEFE6-9596-4989-8C03-EEF16CFC2BC1}.Release|x86.Build.0 = Release|Win32
		{7DE7F79C-A702-4391-B5E3-4310E3B84983}.Debug|x64.ActiveCfg = Debug|x64
		{7DE7F79C-A702-4391-B5E3-4310E3B84983}.Debug|x64.Build.0 = Debug|x64
		{7DE7F79C-A702-4391-B5E3-4310E3B84983}.Debug|x86.ActiveCfg = Debug|Win32
		{7DE7F79C-A702-4391-B5E3-4310E3B84983}.Debug|x86.Build.0 = Debug|Win32
		{7DE7F79C-A702-4391-B5E3-4310E3B84983}.Release|x64.ActiveCfg = Release|x64
		{7DE7F79C-A702-4391-B5E3-4310E3B84983}.Release|x64.Build.0 = Release|x64
		{7DE7F79C-A702-4391-B5E3-4310E3B84983}.Release|x86.ActiveCfg = Release|Win32
		{7DE7F79C-A702-4391-B5E3-4310E3B84983}.Release|x86.Build.0 = Release|Win32
		{0007BDC4-CE7A-4968-9AD8-3DD14B86AC4D}.Debug|x64.ActiveCfg = Debug|x64
		{0007BDC4-CE7A-4968-9AD8-3DD14B86AC4D}.Debug|x64.Build.0 = Debug|x64
		{0007BDC4-CE7A-4968-9AD8-3DD14B86AC4D}.Debug|x86.ActiveCfg = Debug|Win32
		{0007BDC4-CE7A-4968-9AD8-3DD14B86AC4D}.Debug|x86.Build.0 = Debug|Win32
		{0007BDC4-CE7A-4968-9AD8-3DD14B86AC4D}.Release|x64.ActiveCfg = Release|x64
		{0007BDC4-CE7A-4968-9AD8-3DD14B86AC4D}.Release|x64.Build.0 = Release|x64
		{0007BDC4-CE7A-4968-9AD8-3DD14B86AC4D}.Release|x86.ActiveCfg = Release|Win32
		{0007BDC4-CE7A-4968-9AD8-3DD14B86AC4D}.Release|x86.Build.0 = Release|Win32
		{81F81ADA-F433-471A-83BF-BE5863AC516E}.Debug|x64.ActiveCfg = Debug|x64
		{81F81ADA-F433-471A-83BF-BE5863AC516E}.Debug|x64.Build.0 = Debug|x64
		{81F81ADA-F433-471A-83BF-BE5863AC516E}.Debug|x86.ActiveCfg = Debug|Win32
		{81F81ADA-F433-471A-83BF-BE5863AC516E}.Debug|x86.Build.0 = Debug|Win32
		{81F81ADA-F433-471A-83BF-BE5863AC516E}.Release|x64.ActiveCfg = Release|x64
		{81F81ADA-F433-471A-83BF-BE5863AC516E}.Release|x64.Build.0 = Release|x64
		{81F81ADA-F433-471A-83BF-BE5863AC516E}.Release|x86.ActiveCfg = Release|Win32
		{81F81ADA-F433-471A-83BF-BE5863AC516E}.Release|x86.Build.0 = Release|Win32
		{5FAE648A-350E-46C0-9041-700A697A3531}.Debug|x64.ActiveCfg = Debug|x64
		{5FAE648A-350E-46C0-9041-700A697A3531}.Debug|x64.Build.0 = Debug|x64
		{5FAE648A-350E-46C0-9041-700A697A3531}.Debug|x86.ActiveCfg = Debug|Win32
		{5FAE648A-350E-46C0-9041-700A697A3531}.Debug|x86.Build.0 = Debug|Win32
		{5FAE648A-350E-46C0-9041-700A697A3531}.Release|x64.ActiveCfg = Release|x64
		{5FAE648A-350E-46C0-9041-700A697A3531}.Release|x64.Build.0 = Release|x64
		{5FAE648A-350E-46C0-9041-700A697A3531}.Release|x86.ActiveCfg = Release|Win32
		{5FAE648A-350E-46C0-9041-700A697A3531}.Release|x86.Build.0 = Release|Win32
		{E89525CF-B41E-46A6-ACEE-F48E920303B7}.Debug|x64.ActiveCfg = Debug|x64
		{E89525CF-B41E-46A6-ACEE-F48E920303B7}.Debug|x64.Build.0 = Debug|x64
		{E89525CF-B41E-46A6-ACEE-F48E920303B7}.Debug|x86.ActiveCfg = Debug|Win32
		{E89525CF-B41E-46A6-ACEE-F48E920303B7}.Debug|x86.Build.0 = Debug|Win32
		{E89525CF-B41E-46A6-ACEE-F48E920303B7}.Release|x64.ActiveCfg = Release|x64
		{E89525CF-B41E-46A6-ACEE-F48E920303B7}.Release|x64.Build.0 = Release|x64
		{E89525CF-B41E-46A6-ACEE-F48E920303B7}.Release|x86.ActiveCfg = Release|Win32
		{E89525CF-B41E-46A6-ACEE-F48E920303B7}.Release|x86.Build.0 = Release|Win32
		{177A95EB-474C-4171-A602-6FFB9740EAD8}.Debug|x64.ActiveCfg = Debug|x64
		{177A95EB-474C-4171-A602-6FFB9740EAD8}.Debug|x64.Build.0 = Debug|x64
		{177A95EB-474C-4171-A602-6FFB9740EAD8}.Debug|x86.ActiveCfg = Debug|Win32
		{177A95EB-474C-4171-A602-6FFB9740EAD8}.Debug|x86.Build.0 = Debug|Win32
		{177A95EB-474C-4171-A602-6FFB9740EAD8}.Release|x64.ActiveCfg = Release|x64
		{177A95EB-474C-4171-A602-6FFB9740EAD8}.Release|x64.Build.0 = Release|x64
		{177A95EB-474C-4171-A602-6FFB9740EAD8}.Release|x86.ActiveCfg = Release|Win32
		{177A95EB-474C-4171-A602-6FFB9740EAD8}.Release|x86.Build.0 = Release|Win32
		{69DAA886-65E5-4F36-B5D1-A2AFE2217015}.Debug|x64.ActiveCfg = Debug|x64
		{69DAA886-65E5-4F36-B5D1-A2AFE2217015}.Debug|x64.Build.0 = Debug|x64
		{69DAA886-65E5-4F36-B5D1-A2AFE2217015}.Debug|x86.ActiveCfg = Debug|Win32
		{69DAA886-65E5-4F36-B5D1-A2AFE2217015}.Debug|x86.Build.0 = Debug|Win32
		{69DAA886-65E5-4F36-B5D1-A2AFE2217015}.Release|x64.ActiveCfg = Release|x64
		{69DAA886-65E5-4F36-B5D1-A2AFE2217015}.Release|x64.Build.0 = Release|x64
		{69DAA886-65E5-4F36-B5D1-A2AFE2217015}.Release|x86.ActiveCfg = Release|Win32
		{69DAA886-65E5-4F36-B5D1-A2AFE2217015}.Release|x86.Build.0 = Release|Win32
		{C5AF62DE-14BB-4F6A-8956-44E3579593D9}.Debug|x64.ActiveCfg = Debug|x64
		{C5AF62DE-14BB-4F6A-8956-44E3579593D9}.Debug|x64.Build.0 = Debug|x64
		{C5AF62DE-14BB-4F6A-8956-44E3579593D9}.Debug|x86.ActiveCfg = Debug|Win32
		{C5AF62DE-14BB-4F6A-8956-44E3579593D9}.Debug|x86.Build.0 = Debug|Win32
		{C5AF62DE-14BB-4F6A-8956-44E3579593D9}.Release|x64.ActiveCfg = Release|x64
		{C5AF62DE-14BB-4F6A-8956-44E3579593D9}.Release|x64.Build.0 = Release|x64
		{C5AF62DE-14BB-4F6A-8956-44E3579593D9}.Release|x86.ActiveCfg = Release|Win32
		{C5AF62DE-14BB-4F6A-8956-44E3579593D9}.Release|x86.Build.0 = Release|Win32
		{A1846CE9-02E9-484E-99F0-EAC6A859AC6F}.Debug|x64.ActiveCfg = Debug|x64
		{A1846CE9-02E9-484E-99F0-EAC6A859AC6F}.Debug|x64.Build.0 = Debug|x64
		{A1846CE9-02E9-484E-99F0-EAC6A859AC6F}.Debug|x86.ActiveCfg = Debug|Win32
		{A1846CE9-02E9-484E-99F0-EAC6A859AC6F}.Debug|x86.Build.0 = Debug|Win32
		{A1846CE9-02E9-484E-99F0-EAC6A859AC6F}.Release|x64.ActiveCfg = Release|x64
		{A1846CE9-02E9-484E-99F0-EAC6A859AC6F}.Release|x64.Build.0 = Release|x64
		{A1846CE9-02E9-484E-99F0-EAC6A859AC6F}.Release|x86.ActiveCfg = Release|Win32
		{A1846CE9-02E9-484E-99F0-EAC6A859AC6F}.Release|x86.Build.0 = Release|Win32
		{56B8D0E8-7A4D-47AF-8B69-52A463912B10}.Debug|x64.ActiveCfg = Debug|x64
		{56B8D0E8-7A4D-47AF-8B69-52A463912B10}.Debug|x64.Build.0 = Debug|x64
		{56B8D0E8-7A4D-47AF-8B69-52A463912B10}.Debug|x86.ActiveCfg = Debug|Win32
		{56B8D0E8-7A4D-47AF-8B69-52A463912B10}.Debug|x86.Build.0 = Debug|Win32
		{56B8D0E8-7A4D-47AF-8B69-52A463912B10}.Release|x64.ActiveCfg = Release|x64
		{56B8D0E8-7A4D-47AF-8B69-52A463912B10}.Release|x64.Build.0 = Release|x64
		{56B8D0E8-7A4D-47AF-8B69-52A463912B10}.Release|x86.ActiveCfg = Release|Win32
		{56B8D0E8-7A4D-47AF-8B69-52A463912B10}.Release|x86.Build.0 = Release|Win32
		{8133775B-12C4-4050-AB5D-FDE122EC16E1}.Debug|x64.ActiveCfg = Debug|x64
		{8133775B-12C4-4050-AB5D-FDE122EC16E1}.Debug|x64.Build.0 = Debug|x64
		{8133775B-12C4-4050-AB5D-FDE122EC16E1}.Debug|x86.ActiveCfg = Debug|Win32
		{8133775B-12C4-4050-AB5D-FDE122EC16E1}.Debug|x86.Build.0 = Debug|Win32
		{8133775B-12C4-4050-AB5D-FDE122EC16E1}.Release|x64.ActiveCfg = Release|x64
		{8133775B-12C4-4050-AB5D-FDE122EC16E1}.Release|x64.Build.0 = Release|x64
		{8133775B-12C4-4050-AB5D-FDE122EC16E1}.Release|x86.ActiveCfg = Release|Win32
		{8133775B-12C4-4050-AB5D-FDE122EC16E1}.Release|x86.Build.0 = Release|Win32
		{4CDA9C51-D4EF-4F53-A3E5-57E52EF9C832}.Debug|x64.ActiveCfg = Debug|x64
		{4CDA9C51-D4EF-4F53-A3E5-57E52EF9C832}.Debug|x64.Build.0 = Debug|x64
		{4CDA9C51-D4EF-4F53-A3E5-57E52EF9C832}.Debug|x86.ActiveCfg = Debug|Win32
		{4CDA9C51-D4EF-4F53-A3E5-57E52EF9C832}.Debug|x86.Build.0 = Debug|Win32
		{4CDA9C51-D4EF-4F53-A3E5-57E52EF9C832}.Release|x64.ActiveCfg = Release|x64
		{4CDA9C51-D4EF-4F53-A3E5-57E52EF9C832}.Release|x64.Build.0 = Release|x64
		{4CDA9C51-D4EF-4F53-A3E5-57E52EF9C832}.Release|x86.ActiveCfg = Release|Win32
		{4CDA9C51-D4EF-4F53-A3E5-57E52EF9C832}.Release|x86.Build.0 = Release|Win32
		{640B38AA-A238-4B38-90CA-B44DB3FA2AA4}.Debug|x64.ActiveCfg = Debug|x64
		{640B38AA-A238-4B38-90CA-B44DB3FA2AA4}.Debug|x64.Build.0 = Debug|x64
		{640B38AA-A238-4B38-90CA-B44DB3FA2AA4}.Debug|x86.ActiveCfg = Debug|Win32
		{640B38AA-A238-4B38-90CA-B44DB3FA2AA4}.Debug|x86.Build.0 = Debug|Win32
		{640B38AA-A238-4B38-90CA-B44DB3FA2AA4}.Release|x64.ActiveCfg = Release|x64
		{640B38AA-A238-4B38-90CA-B44DB3FA2AA4}.Release|x64.Build.0 = Release|x64
		{640B38AA-A238-4B38-90CA-B44DB3FA2AA4}.Release|x86.ActiveCfg = Release|Win32
		{640B38AA-A238-4B38-90CA-B44DB3FA2AA4}.Release|x86.Build.0 = Release|Win32
		{22FC14E6-9A17-49F1-8044-91D9617BA67B}.Debug|x64.ActiveCfg = Debug|x64
		{22FC14E6-9A17-49F1-8044-91D9617BA67B}.Debug|x64.Build.0 = Debug|x64
		{22FC14E6-9A17-49F1-8044-91D9617BA67B}.Debug|x86.ActiveCfg = Debug|Win32
		{22FC14E6-9A17-49F1-8044-91D9617BA67B}.Debug|x86.Build.0 = Debug|Win32
		{22FC14E6-9A17-49F1-8044-91D9617BA67B}.Release|x64.ActiveCfg = Release|x64
		{22FC14E6-9A17-49F1-8044-91D9617BA67B}.Release|x64.Build.0 = Release|x64
		{22FC14E6-9A17-49F1-8044-91D9617BA67B}.Release|x86.ActiveCfg = Release|Win32
		{22FC14E6-9A17-49F1-8044-91D9617BA67B}.Release|x86.Build.0 = Release|Win32
		{32267C94-7082-408D-A448-64005BD48563}.Debug|x64.ActiveCfg = Debug|x64
		{32267C94-7082-408D-A448-64005BD48563}.Debug|x64.Build.0 = Debug|x64
		{32267C94-7082-408D-A448-64005BD48563}.Debug|x86.ActiveCfg = Debug|Win32
		{32267C94-7082-408D-A448-64005BD48563}.Debug|x86.Build.0 = Debug|Win32
		{32267C94-7082-408D-A448-64005BD48563}.Release|x64.ActiveCfg = Release|x64
		{32267C94-7082-408D-A448-64005BD48563}.Release|x64.Build.0 = Release|x64
		{32267C94-7082-408D-A448-64005BD48563}.Release|x86.ActiveCfg = Release|Win32
		{32267C94-7082-408D-A448-64005BD48563}.Release|x86.Build.0 = Release|Win32
		{B1902169-C3A6-4246-8B4F-5635FED154BA}.Debug|x64.ActiveCfg = Debug|x64
		{B1902169-C3A6-4246-8B4F-5635FED154BA}.Debug|x64.Build.0 = Debug|x64
		{B1902169-C3A6-4246-8B4F-5635FED154BA}.Debug|x86.ActiveCfg = Debug|Win32
		{B1902169-C3A6-4246-8B4F-5635FED154BA}.Debug|x86.Build.0 = Debug|Win32
		{B1902169-C3A6-4246-8B4F-5635FED154BA}.Release|x64.ActiveCfg = Release|x64
		{B1902169-C3A6-4246-8B4F-5635FED154BA}.Release|x64.Build.0 = Release|x64
		{B1902169-C3A6-4246-8B4F-5635FED154BA}.Release|x86.ActiveCfg = Release|Win32
		{B1902169-C3A6-4246-8B4F-5635FED154BA}.Release|x86.Build.0 = Release|Win32
		{A76C9261-EF6D-4206-83D7-9B9F4037FC5D}.Debug|x64.ActiveCfg = Debug|x64
		{A76C9261-EF6D-4206-83D7-9B9F4037FC5D}.Debug|x64.Build.0 = Debug|x64
		{A76C9261-EF6D-4206-83D7-9B9F4037FC5D}.Debug|x86.ActiveCfg = Debug|Win32
		{A76C9261-EF6D-4206-83D7-9B9F4037FC5D}.Debug|x86.Build.0 = Debug|Win32
		{A76C9261-EF6D-4206-83D7-9B9F4037FC5D}.Release|x64.ActiveCfg = Release|x64
		{A76C9261-EF6D-4206-83D7-9B9F4037FC5D}.Release|x64.Build.0 = Release|x64
		{A76C9261-EF6D-4206-83D7-9B9F4037FC5D}.Release|x86.ActiveCfg = Release|Win32
		{A76C9261-EF6D-4206-83D7-9B9F4037FC5D}.Release|x86.Build.0 = Release|Win32
		{6A46FE58-9317-4CEC-8C78-61EBCEA1E1B3}.Debug|x64.ActiveCfg = Debug|x64
		{6A46FE58-9317-4CEC-8C78-61EBCEA1E1B3}.Debug|x64.Build.0 = Debug|x64
		{6A46FE58-9317-4CEC-8C78-61EBCEA1E1B3}.Debug|x86.ActiveCfg = Debug|Win32
		{6A46FE58-9317-4CEC-8C78-61EBCEA1E1B3}.Debug|x86.Build.0 = Debug|Win32
		{6A46FE58-9317-4CEC-8C78-61EBCEA1E1B3}.Release|x64.ActiveCfg = Release|x64
		{6A46FE58-9317-4CEC-8C78-61EBCEA1E1B3}.Release|x64.Build.0 = Release|x64
		{6A46FE58-9317-4CEC-8C78-61EBCEA1E1B3}.Release|x86.ActiveCfg = Release|Win32
		{6A46FE58-9317-4CEC-8C78-61EBCEA1E1B3}.Release|x86.Build.0 = Release|Win32
	EndGlobalSection
	GlobalSection(SolutionProperties) = preSolution
		HideSolutionNode = FALSE
	EndGlobalSection
	GlobalSection(NestedProjects) = preSolution
		{41442BB1-34E6-4F50-ACC3-5CB6CA1EC439} = {15072573-F0D8-4DA8-860F-FAA44FCC4618}
		{18D21D48-ED6D-4D9B-9CA4-309E3BAE83BE} = {ED313D17-7195-4A6C-80ED-2373214ABE70}
		{0036E8BB-B827-42A2-9AF7-5ACA1720D504} = {15072573-F0D8-4DA8-860F-FAA44FCC4618}
		{8C5241A3-2591-4095-BD81-F88F78EBFED0} = {71A95C89-325E-4DAF-BE8E-538BAD20F9DA}
		{18FD0E8E-293E-44DE-B81D-98289F3B9E00} = {DD48B6C9-7E2C-461D-AC00-1E043B7EDB4B}
		{46FE8372-1250-434D-BC14-C8157B47E762} = {ED313D17-7195-4A6C-80ED-2373214ABE70}
		{BFF83DBC-9D42-491C-B822-0C4E56F87216} = {ED313D17-7195-4A6C-80ED-2373214ABE70}
		{D4A07529-59EE-4C11-A6B0-B810A0F7CDE5} = {15072573-F0D8-4DA8-860F-FAA44FCC4618}
		{452B7D13-E6E6-4FEC-835F-A7BF1BE1823B} = {15072573-F0D8-4DA8-860F-FAA44FCC4618}
		{E0B52AE7-E160-4D32-BF3F-910B785E5A8E} = {3D4028C3-0DB4-4462-9B9D-D27B5F03C22B}
		{C89A7857-4697-487A-9F7D-0B1F98FCF87E} = {ED313D17-7195-4A6C-80ED-2373214ABE70}
		{54B84F1E-DC50-4B17-8567-A944E75FB831} = {ED313D17-7195-4A6C-80ED-2373214ABE70}
		{83A792A8-8FAE-438E-AADB-0ECC1E632AE1} = {711663E9-F6E4-43D7-B637-49674B9108ED}
		{7C62F995-3475-4186-8D90-258FA5F7AFF5} = {ED313D17-7195-4A6C-80ED-2373214ABE70}
		{3343E2D5-EE93-4F0C-9E57-038B50CD8AFC} = {ED313D17-7195-4A6C-80ED-2373214ABE70}
		{80705ED5-81EA-40D3-BA9E-1D3A289DA2A7} = {3D4028C3-0DB4-4462-9B9D-D27B5F03C22B}
		{AA8B0776-2874-45E3-A867-14ED98A47172} = {ED313D17-7195-4A6C-80ED-2373214ABE70}
		{0AFA2754-6B3F-4967-AB5B-F0EDD76B009F} = {59D90F99-5E39-4307-AD3C-C833DB1FCF31}
		{2BA5C160-32EE-4050-8B9B-59240E7E96EC} = {59D90F99-5E39-4307-AD3C-C833DB1FCF31}
		{806ACA5C-D643-47E8-8683-E64DCC3C4371} = {15072573-F0D8-4DA8-860F-FAA44FCC4618}
		{C1C8F5D7-FC8D-41EB-B226-291945868AFF} = {362CC5AC-F250-4C26-8D72-D8DF698E7B32}
		{97206C33-5F41-43C8-A9ED-343C63F63017} = {15072573-F0D8-4DA8-860F-FAA44FCC4618}
		{3D7CEFE6-9596-4989-8C03-EEF16CFC2BC1} = {59D90F99-5E39-4307-AD3C-C833DB1FCF31}
		{7DE7F79C-A702-4391-B5E3-4310E3B84983} = {362CC5AC-F250-4C26-8D72-D8DF698E7B32}
		{0007BDC4-CE7A-4968-9AD8-3DD14B86AC4D} = {362CC5AC-F250-4C26-8D72-D8DF698E7B32}
		{81F81ADA-F433-471A-83BF-BE5863AC516E} = {59D90F99-5E39-4307-AD3C-C833DB1FCF31}
		{5FAE648A-350E-46C0-9041-700A697A3531} = {59D90F99-5E39-4307-AD3C-C833DB1FCF31}
		{E89525CF-B41E-46A6-ACEE-F48E920303B7} = {362CC5AC-F250-4C26-8D72-D8DF698E7B32}
		{177A95EB-474C-4171-A602-6FFB9740EAD8} = {E5B7B80F-50D5-42FA-A7B6-FDD00B5B78A4}
		{69DAA886-65E5-4F36-B5D1-A2AFE2217015} = {362CC5AC-F250-4C26-8D72-D8DF698E7B32}
		{C5AF62DE-14BB-4F6A-8956-44E3579593D9} = {59D90F99-5E39-4307-AD3C-C833DB1FCF31}
		{A1846CE9-02E9-484E-99F0-EAC6A859AC6F} = {ED313D17-7195-4A6C-80ED-2373214ABE70}
		{56B8D0E8-7A4D-47AF-8B69-52A463912B10} = {362CC5AC-F250-4C26-8D72-D8DF698E7B32}
		{8133775B-12C4-4050-AB5D-FDE122EC16E1} = {71A95C89-325E-4DAF-BE8E-538BAD20F9DA}
		{4CDA9C51-D4EF-4F53-A3E5-57E52EF9C832} = {FC4672D9-E21E-491E-ACD6-1849146C966A}
		{640B38AA-A238-4B38-90CA-B44DB3FA2AA4} = {FC4672D9-E21E-491E-ACD6-1849146C966A}
		{22FC14E6-9A17-49F1-8044-91D9617BA67B} = {92045F64-83F3-4483-801F-616E6A580181}
		{32267C94-7082-408D-A448-64005BD48563} = {FC4672D9-E21E-491E-ACD6-1849146C966A}
		{B1902169-C3A6-4246-8B4F-5635FED154BA} = {71A95C89-325E-4DAF-BE8E-538BAD20F9DA}
		{A76C9261-EF6D-4206-83D7-9B9F4037FC5D} = {F41E7FB9-D649-4B10-97F9-8BDC8BB8B90B}
		{9E18F4FE-3964-42E5-8595-BEBE20FA9987} = {BBE63442-91A2-423D-AB7E-768F07CB29C6}
		{1CF45B0B-BE6F-4BE6-ADA1-7DD7F5F1A4FC} = {BBE63442-91A2-423D-AB7E-768F07CB29C6}
		{6A46FE58-9317-4CEC-8C78-61EBCEA1E1B3} = {15072573-F0D8-4DA8-860F-FAA44FCC4618}
		{6BB45571-59A7-4237-8D9D-8D2E6FACF23B} = {BBE63442-91A2-423D-AB7E-768F07CB29C6}
		{BBE63442-91A2-423D-AB7E-768F07CB29C6} = {711663E9-F6E4-43D7-B637-49674B9108ED}
		{8CCB7A83-EEB7-4D04-ACDB-719341A66684} = {BBE63442-91A2-423D-AB7E-768F07CB29C6}
	EndGlobalSection
	GlobalSection(ExtensibilityGlobals) = postSolution
		SolutionGuid = {3C487D4D-9DCE-497A-8E20-8C19BA0297C4}
	EndGlobalSection
EndGlobal
