
Microsoft Visual Studio Solution File, Format Version 12.00
# Visual Studio Version 16
VisualStudioVersion = 16.0.29613.14
MinimumVisualStudioVersion = 10.0.40219.1
Project("{2150E333-8FDC-42A3-9474-1A3956D46DE8}") = "Framework", "Framework", "{15072573-F0D8-4DA8-860F-FAA44FCC4618}"
EndProject
Project("{8BC9CEB8-8B4A-11D0-8D11-00A0C91BC942}") = "Core", "Framework\Core\Core.vcxproj", "{41442BB1-34E6-4F50-ACC3-5CB6CA1EC439}"
EndProject
Project("{2150E333-8FDC-42A3-9474-1A3956D46DE8}") = "VGP242", "VGP242", "{ED313D17-7195-4A6C-80ED-2373214ABE70}"
EndProject
Project("{8BC9CEB8-8B4A-11D0-8D11-00A0C91BC942}") = "00_HelloWorld", "VGP242\00_HelloWorld\00_HelloWorld.vcxproj", "{18D21D48-ED6D-4D9B-9CA4-309E3BAE83BE}"
EndProject
Project("{8BC9CEB8-8B4A-11D0-8D11-00A0C91BC942}") = "Math", "Framework\Math\Math.vcxproj", "{0036E8BB-B827-42A2-9AF7-5ACA1720D504}"
EndProject
Project("{2150E333-8FDC-42A3-9474-1A3956D46DE8}") = "UnitTests", "UnitTests", "{71A95C89-325E-4DAF-BE8E-538BAD20F9DA}"
EndProject
Project("{8BC9CEB8-8B4A-11D0-8D11-00A0C91BC942}") = "MathTest", "UnitTests\MathTest\MathTest.vcxproj", "{8C5241A3-2591-4095-BD81-F88F78EBFED0}"
EndProject
Project("{2150E333-8FDC-42A3-9474-1A3956D46DE8}") = "Engine", "Engine", "{DD48B6C9-7E2C-461D-AC00-1E043B7EDB4B}"
EndProject
Project("{8BC9CEB8-8B4A-11D0-8D11-00A0C91BC942}") = "WallG", "Engine\WallG\WallG.vcxproj", "{18FD0E8E-293E-44DE-B81D-98289F3B9E00}"
EndProject
Project("{8BC9CEB8-8B4A-11D0-8D11-00A0C91BC942}") = "01_HelloWindow", "VGP242\01_HelloWindow\01_HelloWindow.vcxproj", "{46FE8372-1250-434D-BC14-C8157B47E762}"
EndProject
Project("{8BC9CEB8-8B4A-11D0-8D11-00A0C91BC942}") = "02_HelloDirectX", "VGP242\02_HelloDirectX\02_HelloDirectX.vcxproj", "{BFF83DBC-9D42-491C-B822-0C4E56F87216}"
EndProject
Project("{8BC9CEB8-8B4A-11D0-8D11-00A0C91BC942}") = "Graphics", "Framework\Graphics\Graphics.vcxproj", "{D4A07529-59EE-4C11-A6B0-B810A0F7CDE5}"
EndProject
Project("{2150E333-8FDC-42A3-9474-1A3956D46DE8}") = "External", "External", "{3D4028C3-0DB4-4462-9B9D-D27B5F03C22B}"
EndProject
Project("{8BC9CEB8-8B4A-11D0-8D11-00A0C91BC942}") = "Input", "Framework\Input\Input.vcxproj", "{452B7D13-E6E6-4FEC-835F-A7BF1BE1823B}"
EndProject
Project("{8BC9CEB8-8B4A-11D0-8D11-00A0C91BC942}") = "DirectXTK_Desktop_2019", "External\DirectXTK\DirectXTK_Desktop_2019.vcxproj", "{E0B52AE7-E160-4D32-BF3F-910B785E5A8E}"
EndProject
Project("{8BC9CEB8-8B4A-11D0-8D11-00A0C91BC942}") = "03_HelloTriangle", "VGP242\03_HelloTriangle\03_HelloTriangle.vcxproj", "{C89A7857-4697-487A-9F7D-0B1F98FCF87E}"
EndProject
Project("{8BC9CEB8-8B4A-11D0-8D11-00A0C91BC942}") = "04_HelloShapes", "VGP242\04_HelloShapes\04_HelloShapes.vcxproj", "{54B84F1E-DC50-4B17-8567-A944E75FB831}"
EndProject
Project("{2150E333-8FDC-42A3-9474-1A3956D46DE8}") = "Assets", "Assets", "{711663E9-F6E4-43D7-B637-49674B9108ED}"
EndProject
Project("{2150E333-8FDC-42A3-9474-1A3956D46DE8}") = "Shaders", "Shaders", "{83A792A8-8FAE-438E-AADB-0ECC1E632AE1}"
	ProjectSection(SolutionItems) = preProject
		Assets\Shaders\DoNothing.fx = Assets\Shaders\DoNothing.fx
		Assets\Shaders\DoSomething.fx = Assets\Shaders\DoSomething.fx
		Assets\Shaders\DoTexturing.fx = Assets\Shaders\DoTexturing.fx
		Assets\Shaders\DoTransform.fx = Assets\Shaders\DoTransform.fx
	EndProjectSection
EndProject
Project("{8BC9CEB8-8B4A-11D0-8D11-00A0C91BC942}") = "05_HelloCube", "VGP242\05_HelloCube\05_HelloCube.vcxproj", "{7C62F995-3475-4186-8D90-258FA5F7AFF5}"
EndProject
Project("{8BC9CEB8-8B4A-11D0-8D11-00A0C91BC942}") = "06_HelloTexture", "VGP242\06_HelloTexture\06_HelloTexture.vcxproj", "{3343E2D5-EE93-4F0C-9E57-038B50CD8AFC}"
EndProject
Project("{8BC9CEB8-8B4A-11D0-8D11-00A0C91BC942}") = "ImGui", "External\ImGui\ImGui.vcxproj", "{80705ED5-81EA-40D3-BA9E-1D3A289DA2A7}"
EndProject
Project("{8BC9CEB8-8B4A-11D0-8D11-00A0C91BC942}") = "Final", "VGP242\Final\Final.vcxproj", "{AA8B0776-2874-45E3-A867-14ED98A47172}"
EndProject
Global
	GlobalSection(SolutionConfigurationPlatforms) = preSolution
		Debug|x64 = Debug|x64
		Debug|x86 = Debug|x86
		Release|x64 = Release|x64
		Release|x86 = Release|x86
	EndGlobalSection
	GlobalSection(ProjectConfigurationPlatforms) = postSolution
		{41442BB1-34E6-4F50-ACC3-5CB6CA1EC439}.Debug|x64.ActiveCfg = Debug|x64
		{41442BB1-34E6-4F50-ACC3-5CB6CA1EC439}.Debug|x64.Build.0 = Debug|x64
		{41442BB1-34E6-4F50-ACC3-5CB6CA1EC439}.Debug|x86.ActiveCfg = Debug|Win32
		{41442BB1-34E6-4F50-ACC3-5CB6CA1EC439}.Debug|x86.Build.0 = Debug|Win32
		{41442BB1-34E6-4F50-ACC3-5CB6CA1EC439}.Release|x64.ActiveCfg = Release|x64
		{41442BB1-34E6-4F50-ACC3-5CB6CA1EC439}.Release|x64.Build.0 = Release|x64
		{41442BB1-34E6-4F50-ACC3-5CB6CA1EC439}.Release|x86.ActiveCfg = Release|Win32
		{41442BB1-34E6-4F50-ACC3-5CB6CA1EC439}.Release|x86.Build.0 = Release|Win32
		{18D21D48-ED6D-4D9B-9CA4-309E3BAE83BE}.Debug|x64.ActiveCfg = Debug|x64
		{18D21D48-ED6D-4D9B-9CA4-309E3BAE83BE}.Debug|x64.Build.0 = Debug|x64
		{18D21D48-ED6D-4D9B-9CA4-309E3BAE83BE}.Debug|x86.ActiveCfg = Debug|Win32
		{18D21D48-ED6D-4D9B-9CA4-309E3BAE83BE}.Debug|x86.Build.0 = Debug|Win32
		{18D21D48-ED6D-4D9B-9CA4-309E3BAE83BE}.Release|x64.ActiveCfg = Release|x64
		{18D21D48-ED6D-4D9B-9CA4-309E3BAE83BE}.Release|x64.Build.0 = Release|x64
		{18D21D48-ED6D-4D9B-9CA4-309E3BAE83BE}.Release|x86.ActiveCfg = Release|Win32
		{18D21D48-ED6D-4D9B-9CA4-309E3BAE83BE}.Release|x86.Build.0 = Release|Win32
		{0036E8BB-B827-42A2-9AF7-5ACA1720D504}.Debug|x64.ActiveCfg = Debug|x64
		{0036E8BB-B827-42A2-9AF7-5ACA1720D504}.Debug|x64.Build.0 = Debug|x64
		{0036E8BB-B827-42A2-9AF7-5ACA1720D504}.Debug|x86.ActiveCfg = Debug|Win32
		{0036E8BB-B827-42A2-9AF7-5ACA1720D504}.Debug|x86.Build.0 = Debug|Win32
		{0036E8BB-B827-42A2-9AF7-5ACA1720D504}.Release|x64.ActiveCfg = Release|x64
		{0036E8BB-B827-42A2-9AF7-5ACA1720D504}.Release|x64.Build.0 = Release|x64
		{0036E8BB-B827-42A2-9AF7-5ACA1720D504}.Release|x86.ActiveCfg = Release|Win32
		{0036E8BB-B827-42A2-9AF7-5ACA1720D504}.Release|x86.Build.0 = Release|Win32
		{8C5241A3-2591-4095-BD81-F88F78EBFED0}.Debug|x64.ActiveCfg = Debug|x64
		{8C5241A3-2591-4095-BD81-F88F78EBFED0}.Debug|x64.Build.0 = Debug|x64
		{8C5241A3-2591-4095-BD81-F88F78EBFED0}.Debug|x86.ActiveCfg = Debug|Win32
		{8C5241A3-2591-4095-BD81-F88F78EBFED0}.Debug|x86.Build.0 = Debug|Win32
		{8C5241A3-2591-4095-BD81-F88F78EBFED0}.Release|x64.ActiveCfg = Release|x64
		{8C5241A3-2591-4095-BD81-F88F78EBFED0}.Release|x64.Build.0 = Release|x64
		{8C5241A3-2591-4095-BD81-F88F78EBFED0}.Release|x86.ActiveCfg = Release|Win32
		{8C5241A3-2591-4095-BD81-F88F78EBFED0}.Release|x86.Build.0 = Release|Win32
		{18FD0E8E-293E-44DE-B81D-98289F3B9E00}.Debug|x64.ActiveCfg = Debug|x64
		{18FD0E8E-293E-44DE-B81D-98289F3B9E00}.Debug|x64.Build.0 = Debug|x64
		{18FD0E8E-293E-44DE-B81D-98289F3B9E00}.Debug|x86.ActiveCfg = Debug|Win32
		{18FD0E8E-293E-44DE-B81D-98289F3B9E00}.Debug|x86.Build.0 = Debug|Win32
		{18FD0E8E-293E-44DE-B81D-98289F3B9E00}.Release|x64.ActiveCfg = Release|x64
		{18FD0E8E-293E-44DE-B81D-98289F3B9E00}.Release|x64.Build.0 = Release|x64
		{18FD0E8E-293E-44DE-B81D-98289F3B9E00}.Release|x86.ActiveCfg = Release|Win32
		{18FD0E8E-293E-44DE-B81D-98289F3B9E00}.Release|x86.Build.0 = Release|Win32
		{46FE8372-1250-434D-BC14-C8157B47E762}.Debug|x64.ActiveCfg = Debug|x64
		{46FE8372-1250-434D-BC14-C8157B47E762}.Debug|x64.Build.0 = Debug|x64
		{46FE8372-1250-434D-BC14-C8157B47E762}.Debug|x86.ActiveCfg = Debug|Win32
		{46FE8372-1250-434D-BC14-C8157B47E762}.Debug|x86.Build.0 = Debug|Win32
		{46FE8372-1250-434D-BC14-C8157B47E762}.Release|x64.ActiveCfg = Release|x64
		{46FE8372-1250-434D-BC14-C8157B47E762}.Release|x64.Build.0 = Release|x64
		{46FE8372-1250-434D-BC14-C8157B47E762}.Release|x86.ActiveCfg = Release|Win32
		{46FE8372-1250-434D-BC14-C8157B47E762}.Release|x86.Build.0 = Release|Win32
		{BFF83DBC-9D42-491C-B822-0C4E56F87216}.Debug|x64.ActiveCfg = Debug|x64
		{BFF83DBC-9D42-491C-B822-0C4E56F87216}.Debug|x64.Build.0 = Debug|x64
		{BFF83DBC-9D42-491C-B822-0C4E56F87216}.Debug|x86.ActiveCfg = Debug|Win32
		{BFF83DBC-9D42-491C-B822-0C4E56F87216}.Debug|x86.Build.0 = Debug|Win32
		{BFF83DBC-9D42-491C-B822-0C4E56F87216}.Release|x64.ActiveCfg = Release|x64
		{BFF83DBC-9D42-491C-B822-0C4E56F87216}.Release|x64.Build.0 = Release|x64
		{BFF83DBC-9D42-491C-B822-0C4E56F87216}.Release|x86.ActiveCfg = Release|Win32
		{BFF83DBC-9D42-491C-B822-0C4E56F87216}.Release|x86.Build.0 = Release|Win32
		{D4A07529-59EE-4C11-A6B0-B810A0F7CDE5}.Debug|x64.ActiveCfg = Debug|x64
		{D4A07529-59EE-4C11-A6B0-B810A0F7CDE5}.Debug|x64.Build.0 = Debug|x64
		{D4A07529-59EE-4C11-A6B0-B810A0F7CDE5}.Debug|x86.ActiveCfg = Debug|Win32
		{D4A07529-59EE-4C11-A6B0-B810A0F7CDE5}.Debug|x86.Build.0 = Debug|Win32
		{D4A07529-59EE-4C11-A6B0-B810A0F7CDE5}.Release|x64.ActiveCfg = Release|x64
		{D4A07529-59EE-4C11-A6B0-B810A0F7CDE5}.Release|x64.Build.0 = Release|x64
		{D4A07529-59EE-4C11-A6B0-B810A0F7CDE5}.Release|x86.ActiveCfg = Release|Win32
		{D4A07529-59EE-4C11-A6B0-B810A0F7CDE5}.Release|x86.Build.0 = Release|Win32
		{452B7D13-E6E6-4FEC-835F-A7BF1BE1823B}.Debug|x64.ActiveCfg = Debug|x64
		{452B7D13-E6E6-4FEC-835F-A7BF1BE1823B}.Debug|x64.Build.0 = Debug|x64
		{452B7D13-E6E6-4FEC-835F-A7BF1BE1823B}.Debug|x86.ActiveCfg = Debug|Win32
		{452B7D13-E6E6-4FEC-835F-A7BF1BE1823B}.Debug|x86.Build.0 = Debug|Win32
		{452B7D13-E6E6-4FEC-835F-A7BF1BE1823B}.Release|x64.ActiveCfg = Release|x64
		{452B7D13-E6E6-4FEC-835F-A7BF1BE1823B}.Release|x64.Build.0 = Release|x64
		{452B7D13-E6E6-4FEC-835F-A7BF1BE1823B}.Release|x86.ActiveCfg = Release|Win32
		{452B7D13-E6E6-4FEC-835F-A7BF1BE1823B}.Release|x86.Build.0 = Release|Win32
		{E0B52AE7-E160-4D32-BF3F-910B785E5A8E}.Debug|x64.ActiveCfg = Debug|x64
		{E0B52AE7-E160-4D32-BF3F-910B785E5A8E}.Debug|x64.Build.0 = Debug|x64
		{E0B52AE7-E160-4D32-BF3F-910B785E5A8E}.Debug|x86.ActiveCfg = Debug|Win32
		{E0B52AE7-E160-4D32-BF3F-910B785E5A8E}.Debug|x86.Build.0 = Debug|Win32
		{E0B52AE7-E160-4D32-BF3F-910B785E5A8E}.Release|x64.ActiveCfg = Release|x64
		{E0B52AE7-E160-4D32-BF3F-910B785E5A8E}.Release|x64.Build.0 = Release|x64
		{E0B52AE7-E160-4D32-BF3F-910B785E5A8E}.Release|x86.ActiveCfg = Release|Win32
		{E0B52AE7-E160-4D32-BF3F-910B785E5A8E}.Release|x86.Build.0 = Release|Win32
		{C89A7857-4697-487A-9F7D-0B1F98FCF87E}.Debug|x64.ActiveCfg = Debug|x64
		{C89A7857-4697-487A-9F7D-0B1F98FCF87E}.Debug|x64.Build.0 = Debug|x64
		{C89A7857-4697-487A-9F7D-0B1F98FCF87E}.Debug|x86.ActiveCfg = Debug|Win32
		{C89A7857-4697-487A-9F7D-0B1F98FCF87E}.Debug|x86.Build.0 = Debug|Win32
		{C89A7857-4697-487A-9F7D-0B1F98FCF87E}.Release|x64.ActiveCfg = Release|x64
		{C89A7857-4697-487A-9F7D-0B1F98FCF87E}.Release|x64.Build.0 = Release|x64
		{C89A7857-4697-487A-9F7D-0B1F98FCF87E}.Release|x86.ActiveCfg = Release|Win32
		{C89A7857-4697-487A-9F7D-0B1F98FCF87E}.Release|x86.Build.0 = Release|Win32
		{54B84F1E-DC50-4B17-8567-A944E75FB831}.Debug|x64.ActiveCfg = Debug|x64
		{54B84F1E-DC50-4B17-8567-A944E75FB831}.Debug|x64.Build.0 = Debug|x64
		{54B84F1E-DC50-4B17-8567-A944E75FB831}.Debug|x86.ActiveCfg = Debug|Win32
		{54B84F1E-DC50-4B17-8567-A944E75FB831}.Debug|x86.Build.0 = Debug|Win32
		{54B84F1E-DC50-4B17-8567-A944E75FB831}.Release|x64.ActiveCfg = Release|x64
		{54B84F1E-DC50-4B17-8567-A944E75FB831}.Release|x64.Build.0 = Release|x64
		{54B84F1E-DC50-4B17-8567-A944E75FB831}.Release|x86.ActiveCfg = Release|Win32
		{54B84F1E-DC50-4B17-8567-A944E75FB831}.Release|x86.Build.0 = Release|Win32
		{7C62F995-3475-4186-8D90-258FA5F7AFF5}.Debug|x64.ActiveCfg = Debug|x64
		{7C62F995-3475-4186-8D90-258FA5F7AFF5}.Debug|x64.Build.0 = Debug|x64
		{7C62F995-3475-4186-8D90-258FA5F7AFF5}.Debug|x86.ActiveCfg = Debug|Win32
		{7C62F995-3475-4186-8D90-258FA5F7AFF5}.Debug|x86.Build.0 = Debug|Win32
		{7C62F995-3475-4186-8D90-258FA5F7AFF5}.Release|x64.ActiveCfg = Release|x64
		{7C62F995-3475-4186-8D90-258FA5F7AFF5}.Release|x64.Build.0 = Release|x64
		{7C62F995-3475-4186-8D90-258FA5F7AFF5}.Release|x86.ActiveCfg = Release|Win32
		{7C62F995-3475-4186-8D90-258FA5F7AFF5}.Release|x86.Build.0 = Release|Win32
		{3343E2D5-EE93-4F0C-9E57-038B50CD8AFC}.Debug|x64.ActiveCfg = Debug|x64
		{3343E2D5-EE93-4F0C-9E57-038B50CD8AFC}.Debug|x64.Build.0 = Debug|x64
		{3343E2D5-EE93-4F0C-9E57-038B50CD8AFC}.Debug|x86.ActiveCfg = Debug|Win32
		{3343E2D5-EE93-4F0C-9E57-038B50CD8AFC}.Debug|x86.Build.0 = Debug|Win32
		{3343E2D5-EE93-4F0C-9E57-038B50CD8AFC}.Release|x64.ActiveCfg = Release|x64
		{3343E2D5-EE93-4F0C-9E57-038B50CD8AFC}.Release|x64.Build.0 = Release|x64
		{3343E2D5-EE93-4F0C-9E57-038B50CD8AFC}.Release|x86.ActiveCfg = Release|Win32
		{3343E2D5-EE93-4F0C-9E57-038B50CD8AFC}.Release|x86.Build.0 = Release|Win32
		{80705ED5-81EA-40D3-BA9E-1D3A289DA2A7}.Debug|x64.ActiveCfg = Debug|x64
		{80705ED5-81EA-40D3-BA9E-1D3A289DA2A7}.Debug|x64.Build.0 = Debug|x64
		{80705ED5-81EA-40D3-BA9E-1D3A289DA2A7}.Debug|x86.ActiveCfg = Debug|Win32
		{80705ED5-81EA-40D3-BA9E-1D3A289DA2A7}.Debug|x86.Build.0 = Debug|Win32
		{80705ED5-81EA-40D3-BA9E-1D3A289DA2A7}.Release|x64.ActiveCfg = Release|x64
		{80705ED5-81EA-40D3-BA9E-1D3A289DA2A7}.Release|x64.Build.0 = Release|x64
		{80705ED5-81EA-40D3-BA9E-1D3A289DA2A7}.Release|x86.ActiveCfg = Release|Win32
		{80705ED5-81EA-40D3-BA9E-1D3A289DA2A7}.Release|x86.Build.0 = Release|Win32
		{AA8B0776-2874-45E3-A867-14ED98A47172}.Debug|x64.ActiveCfg = Debug|x64
		{AA8B0776-2874-45E3-A867-14ED98A47172}.Debug|x64.Build.0 = Debug|x64
		{AA8B0776-2874-45E3-A867-14ED98A47172}.Debug|x86.ActiveCfg = Debug|Win32
		{AA8B0776-2874-45E3-A867-14ED98A47172}.Debug|x86.Build.0 = Debug|Win32
		{AA8B0776-2874-45E3-A867-14ED98A47172}.Release|x64.ActiveCfg = Release|x64
		{AA8B0776-2874-45E3-A867-14ED98A47172}.Release|x64.Build.0 = Release|x64
		{AA8B0776-2874-45E3-A867-14ED98A47172}.Release|x86.ActiveCfg = Release|Win32
		{AA8B0776-2874-45E3-A867-14ED98A47172}.Release|x86.Build.0 = Release|Win32
	EndGlobalSection
	GlobalSection(SolutionProperties) = preSolution
		HideSolutionNode = FALSE
	EndGlobalSection
	GlobalSection(NestedProjects) = preSolution
		{41442BB1-34E6-4F50-ACC3-5CB6CA1EC439} = {15072573-F0D8-4DA8-860F-FAA44FCC4618}
		{18D21D48-ED6D-4D9B-9CA4-309E3BAE83BE} = {ED313D17-7195-4A6C-80ED-2373214ABE70}
		{0036E8BB-B827-42A2-9AF7-5ACA1720D504} = {15072573-F0D8-4DA8-860F-FAA44FCC4618}
		{8C5241A3-2591-4095-BD81-F88F78EBFED0} = {71A95C89-325E-4DAF-BE8E-538BAD20F9DA}
		{18FD0E8E-293E-44DE-B81D-98289F3B9E00} = {DD48B6C9-7E2C-461D-AC00-1E043B7EDB4B}
		{46FE8372-1250-434D-BC14-C8157B47E762} = {ED313D17-7195-4A6C-80ED-2373214ABE70}
		{BFF83DBC-9D42-491C-B822-0C4E56F87216} = {ED313D17-7195-4A6C-80ED-2373214ABE70}
		{D4A07529-59EE-4C11-A6B0-B810A0F7CDE5} = {15072573-F0D8-4DA8-860F-FAA44FCC4618}
		{452B7D13-E6E6-4FEC-835F-A7BF1BE1823B} = {15072573-F0D8-4DA8-860F-FAA44FCC4618}
		{E0B52AE7-E160-4D32-BF3F-910B785E5A8E} = {3D4028C3-0DB4-4462-9B9D-D27B5F03C22B}
		{C89A7857-4697-487A-9F7D-0B1F98FCF87E} = {ED313D17-7195-4A6C-80ED-2373214ABE70}
		{54B84F1E-DC50-4B17-8567-A944E75FB831} = {ED313D17-7195-4A6C-80ED-2373214ABE70}
		{83A792A8-8FAE-438E-AADB-0ECC1E632AE1} = {711663E9-F6E4-43D7-B637-49674B9108ED}
		{7C62F995-3475-4186-8D90-258FA5F7AFF5} = {ED313D17-7195-4A6C-80ED-2373214ABE70}
		{3343E2D5-EE93-4F0C-9E57-038B50CD8AFC} = {ED313D17-7195-4A6C-80ED-2373214ABE70}
		{80705ED5-81EA-40D3-BA9E-1D3A289DA2A7} = {3D4028C3-0DB4-4462-9B9D-D27B5F03C22B}
		{AA8B0776-2874-45E3-A867-14ED98A47172} = {ED313D17-7195-4A6C-80ED-2373214ABE70}
	EndGlobalSection
	GlobalSection(ExtensibilityGlobals) = postSolution
		SolutionGuid = {3C487D4D-9DCE-497A-8E20-8C19BA0297C4}
	EndGlobalSection
EndGlobal
